schema: '2.0'
stages:
  create_bronze:
    cmd: uv run python -m src.data.ingest_bronze
    deps:
    - path: data/raw
      hash: md5
      md5: 753b49fb52d92c15d41a5e507ffbe687.dir
      size: 13435365
      nfiles: 3
    - path: src/data/ingest_bronze.py
      hash: md5
      md5: c8ca3cb985da4cd5ae745b4ecb24d5c7
      size: 1900
    outs:
    - path: data/bronze
      hash: md5
      md5: dd20da83d277baf149d8b4277234868e.dir
      size: 2745881
      nfiles: 112
  create_silver:
    cmd: uv run python -m src.data.clean_silver
    deps:
    - path: data/bronze
      hash: md5
      md5: dd20da83d277baf149d8b4277234868e.dir
      size: 2745881
      nfiles: 112
    - path: src/data/clean_silver.py
      hash: md5
      md5: e43f512fad047d75083780f3a59d9ae3
      size: 3651
    outs:
    - path: data/silver
      hash: md5
      md5: 9b2e3972947d3a2ffd65828aebe76684.dir
      size: 3525632
      nfiles: 6
  create_gold:
    cmd: uv run python -m src.data.create_gold
    deps:
    - path: data/silver
      hash: md5
      md5: 9b2e3972947d3a2ffd65828aebe76684.dir
      size: 3525632
      nfiles: 6
    - path: src/data/create_gold.py
      hash: md5
      md5: 0a94a9f31453039e7feef2dafce50317
      size: 6509
    outs:
    - path: data/gold
      hash: md5
      md5: 2d534364dd0c487d74f9687294a5db62.dir
      size: 23615276
      nfiles: 1
  create_ml_data:
    cmd: uv run python -m src.data.chronological_split
    deps:
    - path: data/gold
      hash: md5
      md5: 2d534364dd0c487d74f9687294a5db62.dir
      size: 23615276
      nfiles: 1
    - path: src/data/chronological_split.py
      hash: md5
      md5: 70f1474ea6631501735ce6c2ad0a612e
      size: 4662
    outs:
    - path: data/ml_data
      hash: md5
      md5: 523a723523cb6b29e598e5ad3781fd8d.dir
      size: 23201287
      nfiles: 3
