schema: '2.0'
stages:
  create_bronze:
    cmd: uv run python -m src.data.ingest_bronze
    deps:
    - path: data/raw
      hash: md5
      md5: 753b49fb52d92c15d41a5e507ffbe687.dir
      size: 13435365
      nfiles: 3
    - path: src/data/ingest_bronze.py
      hash: md5
      md5: c4d0ad97734651bb55eaf2fe68d29882
      size: 1809
    outs:
    - path: data/bronze
      hash: md5
      md5: a5087113b173552d1211bbd4e08b1932.dir
      size: 2745881
      nfiles: 112
  create_silver:
    cmd: uv run python -m src.data.clean_silver
    deps:
    - path: data/bronze
      hash: md5
      md5: a5087113b173552d1211bbd4e08b1932.dir
      size: 2745881
      nfiles: 112
    - path: src/data/clean_silver.py
      hash: md5
      md5: 98637e37ea5086c9f8339253eeb12cdd
      size: 3555
    outs:
    - path: data/silver
      hash: md5
      md5: cb0d204a42e82679b3f87f51f1a7e0aa.dir
      size: 3525836
      nfiles: 6
  create_gold:
    cmd: uv run python -m src.data.create_gold
    deps:
    - path: data/silver
      hash: md5
      md5: cb0d204a42e82679b3f87f51f1a7e0aa.dir
      size: 3525836
      nfiles: 6
    - path: src/data/create_gold.py
      hash: md5
      md5: 0e4a66cd9896df93fe2d2a8ed01bbcda
      size: 5518
    outs:
    - path: data/gold
      hash: md5
      md5: 699acefb4c4f21affc5672c1a0eac642.dir
      size: 28282394
      nfiles: 1
